
Microsoft Visual Studio Solution File, Format Version 12.00
# Visual Studio Version 16
VisualStudioVersion = 16.0.30517.126
MinimumVisualStudioVersion = 10.0.40219.1
Project("{FAE04EC0-301F-11D3-BF4B-00C04F79EFBC}") = "Test", "Test\Test.csproj", "{979A7CE1-AB84-492F-AC85-5D82502D1A5E}"
EndProject
Global
	GlobalSection(SolutionConfigurationPlatforms) = preSolution
		Debug|Any CPU = Debug|Any CPU
		Release|Any CPU = Release|Any CPU
	EndGlobalSection
	GlobalSection(ProjectConfigurationPlatforms) = postSolution
		{979A7CE1-AB84-492F-AC85-5D82502D1A5E}.Debug|Any CPU.ActiveCfg = Debug|Any CPU
		{979A7CE1-AB84-492F-AC85-5D82502D1A5E}.Debug|Any CPU.Build.0 = Debug|Any CPU
		{979A7CE1-AB84-492F-AC85-5D82502D1A5E}.Release|Any CPU.ActiveCfg = Release|Any CPU
		{979A7CE1-AB84-492F-AC85-5D82502D1A5E}.Release|Any CPU.Build.0 = Release|Any CPU
	EndGlobalSection
	GlobalSection(SolutionProperties) = preSolution
		HideSolutionNode = FALSE
	EndGlobalSection
	GlobalSection(ExtensibilityGlobals) = postSolution
		SolutionGuid = {47CDAABC-1BD9-4866-B940-1C1385277988}
	EndGlobalSection
EndGlobal
